{
  "name": "stockpilot",
  "version": "0.1.0",
  "lockfileVersion": 3,
  "requires": true,
  "packages": {
    "": {
      "name": "stockpilot",
      "version": "0.1.0",
      "workspaces": [
        "apps/frontend",
        "apps/backend",
        "packages/*"
      ],
      "engines": {
        "node": ">=20.0.0"
      }
    }
  }
}
